# THIS IS AN AUTOGENERATED FILE. DO NOT EDIT THIS FILE DIRECTLY.
# yarn lockfile v1


pyright@^1.1.306:
  version "1.1.306"
  resolved "https://registry.npmjs.org/pyright/-/pyright-1.1.306.tgz"
  integrity sha512-2OdV1XyYZMTjGY5deOBZGaHkBuAqTR13DvwlIXFQUTx1ZSxOkCsfibOlIy1ydpDnUY2aaweaXe39clthIipnrg==

turbo-darwin-64@1.9.3:
  version "1.9.3"
  resolved "https://registry.yarnpkg.com/turbo-darwin-64/-/turbo-darwin-64-1.9.3.tgz#29470b902a1418dae8a88b2620caf917b27480bc"
  integrity sha512-0dFc2cWXl82kRE4Z+QqPHhbEFEpUZho1msHXHWbz5+PqLxn8FY0lEVOHkq5tgKNNEd5KnGyj33gC/bHhpZOk5g==

turbo-darwin-arm64@1.9.3:
  version "1.9.3"
  resolved "https://registry.npmjs.org/turbo-darwin-arm64/-/turbo-darwin-arm64-1.9.3.tgz"
  integrity sha512-1cYbjqLBA2zYE1nbf/qVnEkrHa4PkJJbLo7hnuMuGM0bPzh4+AnTNe98gELhqI1mkTWBu/XAEeF5u6dgz0jLNA==

turbo-linux-64@1.9.3:
  version "1.9.3"
  resolved "https://registry.yarnpkg.com/turbo-linux-64/-/turbo-linux-64-1.9.3.tgz#dbce8fd50edee1319f17800ee38e7c4749ab0cb0"
  integrity sha512-UuBPFefawEwpuxh5pM9Jqq3q4C8M0vYxVYlB3qea/nHQ80pxYq7ZcaLGEpb10SGnr3oMUUs1zZvkXWDNKCJb8Q==

turbo-linux-arm64@1.9.3:
  version "1.9.3"
  resolved "https://registry.yarnpkg.com/turbo-linux-arm64/-/turbo-linux-arm64-1.9.3.tgz#636b77fde17c7a5cdef8a20616ff57f08c785345"
  integrity sha512-vUrNGa3hyDtRh9W0MkO+l1dzP8Co2gKnOVmlJQW0hdpOlWlIh22nHNGGlICg+xFa2f9j4PbQlWTsc22c019s8Q==

turbo-windows-64@1.9.3:
  version "1.9.3"
  resolved "https://registry.yarnpkg.com/turbo-windows-64/-/turbo-windows-64-1.9.3.tgz#c65625c222456161b0b4d000ec7f50e372332825"
  integrity sha512-0BZ7YaHs6r+K4ksqWus1GKK3W45DuDqlmfjm/yuUbTEVc8szmMCs12vugU2Zi5GdrdJSYfoKfEJ/PeegSLIQGQ==

turbo-windows-arm64@1.9.3:
  version "1.9.3"
  resolved "https://registry.yarnpkg.com/turbo-windows-arm64/-/turbo-windows-arm64-1.9.3.tgz#86e105692ad6ba935eff0284522bdf7728a2e517"
  integrity sha512-QJUYLSsxdXOsR1TquiOmLdAgtYcQ/RuSRpScGvnZb1hY0oLc7JWU0llkYB81wVtWs469y8H9O0cxbKwCZGR4RQ==

turbo@^1.9.3:
  version "1.9.3"
  resolved "https://registry.npmjs.org/turbo/-/turbo-1.9.3.tgz"
  integrity sha512-ID7mxmaLUPKG/hVkp+h0VuucB1U99RPCJD9cEuSEOdIPoSIuomcIClEJtKamUsdPLhLCud+BvapBNnhgh58Nzw==
  optionalDependencies:
    turbo-darwin-64 "1.9.3"
    turbo-darwin-arm64 "1.9.3"
    turbo-linux-64 "1.9.3"
    turbo-linux-arm64 "1.9.3"
    turbo-windows-64 "1.9.3"
    turbo-windows-arm64 "1.9.3"

typescript@^5.0.4:
  version "5.0.4"
  resolved "https://registry.npmjs.org/typescript/-/typescript-5.0.4.tgz"
  integrity sha512-cW9T5W9xY37cc+jfEnaUvX91foxtHkza3Nw3wkoF4sSlKn0MONdkdEndig/qPBWXNkmplh3NzayQzCiHM4/hqw==
